{
    "requires": true,
    "lockfileVersion": 1,
    "dependencies": {
        "vue2-filters": {
            "version": "0.2.2",
            "resolved": "https://registry.npmjs.org/vue2-filters/-/vue2-filters-0.2.2.tgz",
            "integrity": "sha512-rJiP+pa7owCEpeQDJDCJNguDpoR7X0flLHippx69g36UI+OEDsMoiWlHw1ll2eHHLWhLUmqKVtS5qqpPAKvEUA=="
        }
    }
}
